# THIS IS AN AUTOGENERATED FILE. DO NOT EDIT THIS FILE DIRECTLY.
# yarn lockfile v1


"@types/react-native@^0.49.2":
  version "0.49.2"
  resolved "https://registry.npmjs.org/@types/react-native/-/react-native-0.49.2.tgz#e2c1a7ba6bdf880201e8fa3bb7eddc3cead3a579"
  dependencies:
    "@types/react" "*"

"@types/react@*", "@types/react@^16.0.18":
  version "16.0.18"
  resolved "https://registry.npmjs.org/@types/react/-/react-16.0.18.tgz#c08eea79ada55bf10b5353e18c21797dd17afa23"

app-root-path@^2.0.1:
  version "2.0.1"
  resolved "https://registry.npmjs.org/app-root-path/-/app-root-path-2.0.1.tgz#cd62dcf8e4fd5a417efc664d2e5b10653c651b46"

jju@^1.3.0:
  version "1.3.0"
  resolved "https://registry.npmjs.org/jju/-/jju-1.3.0.tgz#dadd9ef01924bc728b03f2f7979bdbd62f7a2aaa"

react-native-typescript-transformer@^1.1.4:
  version "1.1.4"
  resolved "https://registry.npmjs.org/react-native-typescript-transformer/-/react-native-typescript-transformer-1.1.4.tgz#88bb6d2ccd63f0b4b3cbce99e96c0e9c9e83cabc"
  dependencies:
    app-root-path "^2.0.1"
    jju "^1.3.0"
    source-map "^0.5.6"

source-map@^0.5.6:
  version "0.5.7"
  resolved "https://registry.npmjs.org/source-map/-/source-map-0.5.7.tgz#8a039d2d1021d22d1ea14c80d8ea468ba2ef3fcc"

typescript@^2.5.3:
  version "2.5.3"
  resolved "https://registry.npmjs.org/typescript/-/typescript-2.5.3.tgz#df3dcdc38f3beb800d4bc322646b04a3f6ca7f0d"
